// !$*UTF8*$!
{
	archiveVersion = 1;
	classes = {
	};
	objectVersion = 56;
	objects = {

/* Begin PBXBuildFile section */
		402525F82D0C1EAB000970B4 /* ShoppingItem.swift in Sources */ = {isa = PBXBuildFile; fileRef = 402525F42D0C1EAB000970B4 /* ShoppingItem.swift */; };
		402525F92D0C1EAB000970B4 /* ShoppingList.swift in Sources */ = {isa = PBXBuildFile; fileRef = 402525F52D0C1EAB000970B4 /* ShoppingList.swift */; };
		402525FF2D0C2111000970B4 /* DIContainer.swift in Sources */ = {isa = PBXBuildFile; fileRef = 402525FE2D0C2110000970B4 /* DIContainer.swift */; };
		402526012D0C227C000970B4 /* Inject.swift in Sources */ = {isa = PBXBuildFile; fileRef = 402526002D0C227B000970B4 /* Inject.swift */; };
		402526032D0C22A2000970B4 /* AppDependency.swift in Sources */ = {isa = PBXBuildFile; fileRef = 402526022D0C22A1000970B4 /* AppDependency.swift */; };
		405887CD2CC24A320011FB51 /* ShoppingListAppShortcuts.swift in Sources */ = {isa = PBXBuildFile; fileRef = 405887CC2CC24A2E0011FB51 /* ShoppingListAppShortcuts.swift */; };
		405887CF2CC24CB80011FB51 /* OpenAppIntent.swift in Sources */ = {isa = PBXBuildFile; fileRef = 405887CE2CC24CB60011FB51 /* OpenAppIntent.swift */; };
		40C0BA5C2D3106A2004CE9B5 /* ShoppingListTabScreen.swift in Sources */ = {isa = PBXBuildFile; fileRef = 40C0BA5B2D31069F004CE9B5 /* ShoppingListTabScreen.swift */; };
		40C0BA602D436291004CE9B5 /* FloatingActionButton.swift in Sources */ = {isa = PBXBuildFile; fileRef = 40C0BA5F2D43628C004CE9B5 /* FloatingActionButton.swift */; };
		40CEE5852CC244760057B490 /* ShoppingListApp.swift in Sources */ = {isa = PBXBuildFile; fileRef = 40CEE5842CC244760057B490 /* ShoppingListApp.swift */; };
		40CEE5892CC244780057B490 /* Assets.xcassets in Resources */ = {isa = PBXBuildFile; fileRef = 40CEE5882CC244780057B490 /* Assets.xcassets */; };
		40CEE58C2CC244780057B490 /* Preview Assets.xcassets in Resources */ = {isa = PBXBuildFile; fileRef = 40CEE58B2CC244780057B490 /* Preview Assets.xcassets */; };
		40CEE5962CC244780057B490 /* ShoppingListTests.swift in Sources */ = {isa = PBXBuildFile; fileRef = 40CEE5952CC244780057B490 /* ShoppingListTests.swift */; };
		40CEE5A02CC244780057B490 /* ShoppingListUITests.swift in Sources */ = {isa = PBXBuildFile; fileRef = 40CEE59F2CC244780057B490 /* ShoppingListUITests.swift */; };
		40CEE5A22CC244780057B490 /* ShoppingListUITestsLaunchTests.swift in Sources */ = {isa = PBXBuildFile; fileRef = 40CEE5A12CC244780057B490 /* ShoppingListUITestsLaunchTests.swift */; };
		40E3A6C02D02E6280012D893 /* AddItemIntent.swift in Sources */ = {isa = PBXBuildFile; fileRef = 40E3A6BF2D02E6240012D893 /* AddItemIntent.swift */; };
/* End PBXBuildFile section */

/* Begin PBXContainerItemProxy section */
		40CEE5922CC244780057B490 /* PBXContainerItemProxy */ = {
			isa = PBXContainerItemProxy;
			containerPortal = 40CEE5792CC244760057B490 /* Project object */;
			proxyType = 1;
			remoteGlobalIDString = 40CEE5802CC244760057B490;
			remoteInfo = ShoppingList;
		};
		40CEE59C2CC244780057B490 /* PBXContainerItemProxy */ = {
			isa = PBXContainerItemProxy;
			containerPortal = 40CEE5792CC244760057B490 /* Project object */;
			proxyType = 1;
			remoteGlobalIDString = 40CEE5802CC244760057B490;
			remoteInfo = ShoppingList;
		};
/* End PBXContainerItemProxy section */

/* Begin PBXFileReference section */
		402525F42D0C1EAB000970B4 /* ShoppingItem.swift */ = {isa = PBXFileReference; lastKnownFileType = sourcecode.swift; path = ShoppingItem.swift; sourceTree = "<group>"; };
		402525F52D0C1EAB000970B4 /* ShoppingList.swift */ = {isa = PBXFileReference; lastKnownFileType = sourcecode.swift; path = ShoppingList.swift; sourceTree = "<group>"; };
		402525FE2D0C2110000970B4 /* DIContainer.swift */ = {isa = PBXFileReference; lastKnownFileType = sourcecode.swift; path = DIContainer.swift; sourceTree = "<group>"; };
		402526002D0C227B000970B4 /* Inject.swift */ = {isa = PBXFileReference; lastKnownFileType = sourcecode.swift; path = Inject.swift; sourceTree = "<group>"; };
		402526022D0C22A1000970B4 /* AppDependency.swift */ = {isa = PBXFileReference; lastKnownFileType = sourcecode.swift; path = AppDependency.swift; sourceTree = "<group>"; };
		405887CC2CC24A2E0011FB51 /* ShoppingListAppShortcuts.swift */ = {isa = PBXFileReference; lastKnownFileType = sourcecode.swift; path = ShoppingListAppShortcuts.swift; sourceTree = "<group>"; };
		405887CE2CC24CB60011FB51 /* OpenAppIntent.swift */ = {isa = PBXFileReference; lastKnownFileType = sourcecode.swift; path = OpenAppIntent.swift; sourceTree = "<group>"; };
		40C0BA5B2D31069F004CE9B5 /* ShoppingListTabScreen.swift */ = {isa = PBXFileReference; lastKnownFileType = sourcecode.swift; path = ShoppingListTabScreen.swift; sourceTree = "<group>"; };
		40C0BA5F2D43628C004CE9B5 /* FloatingActionButton.swift */ = {isa = PBXFileReference; lastKnownFileType = sourcecode.swift; path = FloatingActionButton.swift; sourceTree = "<group>"; };
		40CEE5812CC244760057B490 /* ShoppingList.app */ = {isa = PBXFileReference; explicitFileType = wrapper.application; includeInIndex = 0; path = ShoppingList.app; sourceTree = BUILT_PRODUCTS_DIR; };
		40CEE5842CC244760057B490 /* ShoppingListApp.swift */ = {isa = PBXFileReference; lastKnownFileType = sourcecode.swift; path = ShoppingListApp.swift; sourceTree = "<group>"; };
		40CEE5882CC244780057B490 /* Assets.xcassets */ = {isa = PBXFileReference; lastKnownFileType = folder.assetcatalog; path = Assets.xcassets; sourceTree = "<group>"; };
		40CEE58B2CC244780057B490 /* Preview Assets.xcassets */ = {isa = PBXFileReference; lastKnownFileType = folder.assetcatalog; path = "Preview Assets.xcassets"; sourceTree = "<group>"; };
		40CEE5912CC244780057B490 /* ShoppingListTests.xctest */ = {isa = PBXFileReference; explicitFileType = wrapper.cfbundle; includeInIndex = 0; path = ShoppingListTests.xctest; sourceTree = BUILT_PRODUCTS_DIR; };
		40CEE5952CC244780057B490 /* ShoppingListTests.swift */ = {isa = PBXFileReference; lastKnownFileType = sourcecode.swift; path = ShoppingListTests.swift; sourceTree = "<group>"; };
		40CEE59B2CC244780057B490 /* ShoppingListUITests.xctest */ = {isa = PBXFileReference; explicitFileType = wrapper.cfbundle; includeInIndex = 0; path = ShoppingListUITests.xctest; sourceTree = BUILT_PRODUCTS_DIR; };
		40CEE59F2CC244780057B490 /* ShoppingListUITests.swift */ = {isa = PBXFileReference; lastKnownFileType = sourcecode.swift; path = ShoppingListUITests.swift; sourceTree = "<group>"; };
		40CEE5A12CC244780057B490 /* ShoppingListUITestsLaunchTests.swift */ = {isa = PBXFileReference; lastKnownFileType = sourcecode.swift; path = ShoppingListUITestsLaunchTests.swift; sourceTree = "<group>"; };
		40E3A6BF2D02E6240012D893 /* AddItemIntent.swift */ = {isa = PBXFileReference; lastKnownFileType = sourcecode.swift; path = AddItemIntent.swift; sourceTree = "<group>"; };
/* End PBXFileReference section */

/* Begin PBXFrameworksBuildPhase section */
		40CEE57E2CC244760057B490 /* Frameworks */ = {
			isa = PBXFrameworksBuildPhase;
			buildActionMask = 2147483647;
			files = (
			);
			runOnlyForDeploymentPostprocessing = 0;
		};
		40CEE58E2CC244780057B490 /* Frameworks */ = {
			isa = PBXFrameworksBuildPhase;
			buildActionMask = 2147483647;
			files = (
			);
			runOnlyForDeploymentPostprocessing = 0;
		};
		40CEE5982CC244780057B490 /* Frameworks */ = {
			isa = PBXFrameworksBuildPhase;
			buildActionMask = 2147483647;
			files = (
			);
			runOnlyForDeploymentPostprocessing = 0;
		};
/* End PBXFrameworksBuildPhase section */

/* Begin PBXGroup section */
		402525F62D0C1EAB000970B4 /* Model */ = {
			isa = PBXGroup;
			children = (
				402525F42D0C1EAB000970B4 /* ShoppingItem.swift */,
				402525F52D0C1EAB000970B4 /* ShoppingList.swift */,
			);
			path = Model;
			sourceTree = "<group>";
		};
		402525F72D0C1EAB000970B4 /* Domain */ = {
			isa = PBXGroup;
			children = (
				402525FD2D0C2105000970B4 /* DI */,
				402525FC2D0C1FAC000970B4 /* UseCase */,
				402525F62D0C1EAB000970B4 /* Model */,
			);
			path = Domain;
			sourceTree = "<group>";
		};
		402525FB2D0C1EC3000970B4 /* View */ = {
			isa = PBXGroup;
			children = (
				40C0BA5F2D43628C004CE9B5 /* FloatingActionButton.swift */,
				40C0BA5B2D31069F004CE9B5 /* ShoppingListTabScreen.swift */,
			);
			path = View;
			sourceTree = "<group>";
		};
		402525FC2D0C1FAC000970B4 /* UseCase */ = {
			isa = PBXGroup;
			children = (
			);
			path = UseCase;
			sourceTree = "<group>";
		};
		402525FD2D0C2105000970B4 /* DI */ = {
			isa = PBXGroup;
			children = (
				402526002D0C227B000970B4 /* Inject.swift */,
				402525FE2D0C2110000970B4 /* DIContainer.swift */,
			);
			path = DI;
			sourceTree = "<group>";
		};
		40CEE5782CC244760057B490 = {
			isa = PBXGroup;
			children = (
				40CEE5832CC244760057B490 /* ShoppingList */,
				40CEE5942CC244780057B490 /* ShoppingListTests */,
				40CEE59E2CC244780057B490 /* ShoppingListUITests */,
				40CEE5822CC244760057B490 /* Products */,
			);
			sourceTree = "<group>";
		};
		40CEE5822CC244760057B490 /* Products */ = {
			isa = PBXGroup;
			children = (
				40CEE5812CC244760057B490 /* ShoppingList.app */,
				40CEE5912CC244780057B490 /* ShoppingListTests.xctest */,
				40CEE59B2CC244780057B490 /* ShoppingListUITests.xctest */,
			);
			name = Products;
			sourceTree = "<group>";
		};
		40CEE5832CC244760057B490 /* ShoppingList */ = {
			isa = PBXGroup;
			children = (
				402525F72D0C1EAB000970B4 /* Domain */,
				402525FB2D0C1EC3000970B4 /* View */,
				40CEE5AE2CC247E40057B490 /* Intent */,
				40CEE5842CC244760057B490 /* ShoppingListApp.swift */,
				402526022D0C22A1000970B4 /* AppDependency.swift */,
				40CEE5882CC244780057B490 /* Assets.xcassets */,
				40CEE58A2CC244780057B490 /* Preview Content */,
			);
			path = ShoppingList;
			sourceTree = "<group>";
		};
		40CEE58A2CC244780057B490 /* Preview Content */ = {
			isa = PBXGroup;
			children = (
				40CEE58B2CC244780057B490 /* Preview Assets.xcassets */,
			);
			path = "Preview Content";
			sourceTree = "<group>";
		};
		40CEE5942CC244780057B490 /* ShoppingListTests */ = {
			isa = PBXGroup;
			children = (
				40CEE5952CC244780057B490 /* ShoppingListTests.swift */,
			);
			path = ShoppingListTests;
			sourceTree = "<group>";
		};
		40CEE59E2CC244780057B490 /* ShoppingListUITests */ = {
			isa = PBXGroup;
			children = (
				40CEE59F2CC244780057B490 /* ShoppingListUITests.swift */,
				40CEE5A12CC244780057B490 /* ShoppingListUITestsLaunchTests.swift */,
			);
			path = ShoppingListUITests;
			sourceTree = "<group>";
		};
		40CEE5AE2CC247E40057B490 /* Intent */ = {
			isa = PBXGroup;
			children = (
				405887CC2CC24A2E0011FB51 /* ShoppingListAppShortcuts.swift */,
				40E3A6BF2D02E6240012D893 /* AddItemIntent.swift */,
				405887CE2CC24CB60011FB51 /* OpenAppIntent.swift */,
			);
			path = Intent;
			sourceTree = "<group>";
		};
/* End PBXGroup section */

/* Begin PBXNativeTarget section */
		40CEE5802CC244760057B490 /* ShoppingList */ = {
			isa = PBXNativeTarget;
			buildConfigurationList = 40CEE5A52CC244780057B490 /* Build configuration list for PBXNativeTarget "ShoppingList" */;
			buildPhases = (
				40CEE57D2CC244760057B490 /* Sources */,
				40CEE57E2CC244760057B490 /* Frameworks */,
				40CEE57F2CC244760057B490 /* Resources */,
			);
			buildRules = (
			);
			dependencies = (
			);
			name = ShoppingList;
			productName = ShoppingList;
			productReference = 40CEE5812CC244760057B490 /* ShoppingList.app */;
			productType = "com.apple.product-type.application";
		};
		40CEE5902CC244780057B490 /* ShoppingListTests */ = {
			isa = PBXNativeTarget;
			buildConfigurationList = 40CEE5A82CC244780057B490 /* Build configuration list for PBXNativeTarget "ShoppingListTests" */;
			buildPhases = (
				40CEE58D2CC244780057B490 /* Sources */,
				40CEE58E2CC244780057B490 /* Frameworks */,
				40CEE58F2CC244780057B490 /* Resources */,
			);
			buildRules = (
			);
			dependencies = (
				40CEE5932CC244780057B490 /* PBXTargetDependency */,
			);
			name = ShoppingListTests;
			productName = ShoppingListTests;
			productReference = 40CEE5912CC244780057B490 /* ShoppingListTests.xctest */;
			productType = "com.apple.product-type.bundle.unit-test";
		};
		40CEE59A2CC244780057B490 /* ShoppingListUITests */ = {
			isa = PBXNativeTarget;
			buildConfigurationList = 40CEE5AB2CC244780057B490 /* Build configuration list for PBXNativeTarget "ShoppingListUITests" */;
			buildPhases = (
				40CEE5972CC244780057B490 /* Sources */,
				40CEE5982CC244780057B490 /* Frameworks */,
				40CEE5992CC244780057B490 /* Resources */,
			);
			buildRules = (
			);
			dependencies = (
				40CEE59D2CC244780057B490 /* PBXTargetDependency */,
			);
			name = ShoppingListUITests;
			productName = ShoppingListUITests;
			productReference = 40CEE59B2CC244780057B490 /* ShoppingListUITests.xctest */;
			productType = "com.apple.product-type.bundle.ui-testing";
		};
/* End PBXNativeTarget section */

/* Begin PBXProject section */
		40CEE5792CC244760057B490 /* Project object */ = {
			isa = PBXProject;
			attributes = {
				BuildIndependentTargetsInParallel = 1;
				LastSwiftUpdateCheck = 1540;
				LastUpgradeCheck = 1540;
				TargetAttributes = {
					40CEE5802CC244760057B490 = {
						CreatedOnToolsVersion = 15.4;
					};
					40CEE5902CC244780057B490 = {
						CreatedOnToolsVersion = 15.4;
						TestTargetID = 40CEE5802CC244760057B490;
					};
					40CEE59A2CC244780057B490 = {
						CreatedOnToolsVersion = 15.4;
						TestTargetID = 40CEE5802CC244760057B490;
					};
				};
			};
			buildConfigurationList = 40CEE57C2CC244760057B490 /* Build configuration list for PBXProject "ShoppingList" */;
			compatibilityVersion = "Xcode 14.0";
			developmentRegion = en;
			hasScannedForEncodings = 0;
			knownRegions = (
				en,
				Base,
			);
			mainGroup = 40CEE5782CC244760057B490;
			productRefGroup = 40CEE5822CC244760057B490 /* Products */;
			projectDirPath = "";
			projectRoot = "";
			targets = (
				40CEE5802CC244760057B490 /* ShoppingList */,
				40CEE5902CC244780057B490 /* ShoppingListTests */,
				40CEE59A2CC244780057B490 /* ShoppingListUITests */,
			);
		};
/* End PBXProject section */

/* Begin PBXResourcesBuildPhase section */
		40CEE57F2CC244760057B490 /* Resources */ = {
			isa = PBXResourcesBuildPhase;
			buildActionMask = 2147483647;
			files = (
				40CEE58C2CC244780057B490 /* Preview Assets.xcassets in Resources */,
				40CEE5892CC244780057B490 /* Assets.xcassets in Resources */,
			);
			runOnlyForDeploymentPostprocessing = 0;
		};
		40CEE58F2CC244780057B490 /* Resources */ = {
			isa = PBXResourcesBuildPhase;
			buildActionMask = 2147483647;
			files = (
			);
			runOnlyForDeploymentPostprocessing = 0;
		};
		40CEE5992CC244780057B490 /* Resources */ = {
			isa = PBXResourcesBuildPhase;
			buildActionMask = 2147483647;
			files = (
			);
			runOnlyForDeploymentPostprocessing = 0;
		};
/* End PBXResourcesBuildPhase section */

/* Begin PBXSourcesBuildPhase section */
		40CEE57D2CC244760057B490 /* Sources */ = {
			isa = PBXSourcesBuildPhase;
			buildActionMask = 2147483647;
			files = (
				40C0BA602D436291004CE9B5 /* FloatingActionButton.swift in Sources */,
				40CEE5852CC244760057B490 /* ShoppingListApp.swift in Sources */,
				402525FF2D0C2111000970B4 /* DIContainer.swift in Sources */,
				40C0BA5C2D3106A2004CE9B5 /* ShoppingListTabScreen.swift in Sources */,
				405887CD2CC24A320011FB51 /* ShoppingListAppShortcuts.swift in Sources */,
				402526032D0C22A2000970B4 /* AppDependency.swift in Sources */,
				402526012D0C227C000970B4 /* Inject.swift in Sources */,
				402525F82D0C1EAB000970B4 /* ShoppingItem.swift in Sources */,
				402525F92D0C1EAB000970B4 /* ShoppingList.swift in Sources */,
				40E3A6C02D02E6280012D893 /* AddItemIntent.swift in Sources */,
				405887CF2CC24CB80011FB51 /* OpenAppIntent.swift in Sources */,
			);
			runOnlyForDeploymentPostprocessing = 0;
		};
		40CEE58D2CC244780057B490 /* Sources */ = {
			isa = PBXSourcesBuildPhase;
			buildActionMask = 2147483647;
			files = (
				40CEE5962CC244780057B490 /* ShoppingListTests.swift in Sources */,
			);
			runOnlyForDeploymentPostprocessing = 0;
		};
		40CEE5972CC244780057B490 /* Sources */ = {
			isa = PBXSourcesBuildPhase;
			buildActionMask = 2147483647;
			files = (
				40CEE5A22CC244780057B490 /* ShoppingListUITestsLaunchTests.swift in Sources */,
				40CEE5A02CC244780057B490 /* ShoppingListUITests.swift in Sources */,
			);
			runOnlyForDeploymentPostprocessing = 0;
		};
/* End PBXSourcesBuildPhase section */

/* Begin PBXTargetDependency section */
		40CEE5932CC244780057B490 /* PBXTargetDependency */ = {
			isa = PBXTargetDependency;
			target = 40CEE5802CC244760057B490 /* ShoppingList */;
			targetProxy = 40CEE5922CC244780057B490 /* PBXContainerItemProxy */;
		};
		40CEE59D2CC244780057B490 /* PBXTargetDependency */ = {
			isa = PBXTargetDependency;
			target = 40CEE5802CC244760057B490 /* ShoppingList */;
			targetProxy = 40CEE59C2CC244780057B490 /* PBXContainerItemProxy */;
		};
/* End PBXTargetDependency section */

/* Begin XCBuildConfiguration section */
		40CEE5A32CC244780057B490 /* Debug */ = {
			isa = XCBuildConfiguration;
			buildSettings = {
				ALWAYS_SEARCH_USER_PATHS = NO;
				ASSETCATALOG_COMPILER_GENERATE_SWIFT_ASSET_SYMBOL_EXTENSIONS = YES;
				CLANG_ANALYZER_NONNULL = YES;
				CLANG_ANALYZER_NUMBER_OBJECT_CONVERSION = YES_AGGRESSIVE;
				CLANG_CXX_LANGUAGE_STANDARD = "gnu++20";
				CLANG_ENABLE_MODULES = YES;
				CLANG_ENABLE_OBJC_ARC = YES;
				CLANG_ENABLE_OBJC_WEAK = YES;
				CLANG_WARN_BLOCK_CAPTURE_AUTORELEASING = YES;
				CLANG_WARN_BOOL_CONVERSION = YES;
				CLANG_WARN_COMMA = YES;
				CLANG_WARN_CONSTANT_CONVERSION = YES;
				CLANG_WARN_DEPRECATED_OBJC_IMPLEMENTATIONS = YES;
				CLANG_WARN_DIRECT_OBJC_ISA_USAGE = YES_ERROR;
				CLANG_WARN_DOCUMENTATION_COMMENTS = YES;
				CLANG_WARN_EMPTY_BODY = YES;
				CLANG_WARN_ENUM_CONVERSION = YES;
				CLANG_WARN_INFINITE_RECURSION = YES;
				CLANG_WARN_INT_CONVERSION = YES;
				CLANG_WARN_NON_LITERAL_NULL_CONVERSION = YES;
				CLANG_WARN_OBJC_IMPLICIT_RETAIN_SELF = YES;
				CLANG_WARN_OBJC_LITERAL_CONVERSION = YES;
				CLANG_WARN_OBJC_ROOT_CLASS = YES_ERROR;
				CLANG_WARN_QUOTED_INCLUDE_IN_FRAMEWORK_HEADER = YES;
				CLANG_WARN_RANGE_LOOP_ANALYSIS = YES;
				CLANG_WARN_STRICT_PROTOTYPES = YES;
				CLANG_WARN_SUSPICIOUS_MOVE = YES;
				CLANG_WARN_UNGUARDED_AVAILABILITY = YES_AGGRESSIVE;
				CLANG_WARN_UNREACHABLE_CODE = YES;
				CLANG_WARN__DUPLICATE_METHOD_MATCH = YES;
				COPY_PHASE_STRIP = NO;
				DEBUG_INFORMATION_FORMAT = dwarf;
				ENABLE_STRICT_OBJC_MSGSEND = YES;
				ENABLE_TESTABILITY = YES;
				ENABLE_USER_SCRIPT_SANDBOXING = YES;
				GCC_C_LANGUAGE_STANDARD = gnu17;
				GCC_DYNAMIC_NO_PIC = NO;
				GCC_NO_COMMON_BLOCKS = YES;
				GCC_OPTIMIZATION_LEVEL = 0;
				GCC_PREPROCESSOR_DEFINITIONS = (
					"DEBUG=1",
					"$(inherited)",
				);
				GCC_WARN_64_TO_32_BIT_CONVERSION = YES;
				GCC_WARN_ABOUT_RETURN_TYPE = YES_ERROR;
				GCC_WARN_UNDECLARED_SELECTOR = YES;
				GCC_WARN_UNINITIALIZED_AUTOS = YES_AGGRESSIVE;
				GCC_WARN_UNUSED_FUNCTION = YES;
				GCC_WARN_UNUSED_VARIABLE = YES;
				IPHONEOS_DEPLOYMENT_TARGET = 17.5;
				LOCALIZATION_PREFERS_STRING_CATALOGS = YES;
				MTL_ENABLE_DEBUG_INFO = INCLUDE_SOURCE;
				MTL_FAST_MATH = YES;
				ONLY_ACTIVE_ARCH = YES;
				SDKROOT = iphoneos;
				SWIFT_ACTIVE_COMPILATION_CONDITIONS = "DEBUG $(inherited)";
				SWIFT_OPTIMIZATION_LEVEL = "-Onone";
			};
			name = Debug;
		};
		40CEE5A42CC244780057B490 /* Release */ = {
			isa = XCBuildConfiguration;
			buildSettings = {
				ALWAYS_SEARCH_USER_PATHS = NO;
				ASSETCATALOG_COMPILER_GENERATE_SWIFT_ASSET_SYMBOL_EXTENSIONS = YES;
				CLANG_ANALYZER_NONNULL = YES;
				CLANG_ANALYZER_NUMBER_OBJECT_CONVERSION = YES_AGGRESSIVE;
				CLANG_CXX_LANGUAGE_STANDARD = "gnu++20";
				CLANG_ENABLE_MODULES = YES;
				CLANG_ENABLE_OBJC_ARC = YES;
				CLANG_ENABLE_OBJC_WEAK = YES;
				CLANG_WARN_BLOCK_CAPTURE_AUTORELEASING = YES;
				CLANG_WARN_BOOL_CONVERSION = YES;
				CLANG_WARN_COMMA = YES;
				CLANG_WARN_CONSTANT_CONVERSION = YES;
				CLANG_WARN_DEPRECATED_OBJC_IMPLEMENTATIONS = YES;
				CLANG_WARN_DIRECT_OBJC_ISA_USAGE = YES_ERROR;
				CLANG_WARN_DOCUMENTATION_COMMENTS = YES;
				CLANG_WARN_EMPTY_BODY = YES;
				CLANG_WARN_ENUM_CONVERSION = YES;
				CLANG_WARN_INFINITE_RECURSION = YES;
				CLANG_WARN_INT_CONVERSION = YES;
				CLANG_WARN_NON_LITERAL_NULL_CONVERSION = YES;
				CLANG_WARN_OBJC_IMPLICIT_RETAIN_SELF = YES;
				CLANG_WARN_OBJC_LITERAL_CONVERSION = YES;
				CLANG_WARN_OBJC_ROOT_CLASS = YES_ERROR;
				CLANG_WARN_QUOTED_INCLUDE_IN_FRAMEWORK_HEADER = YES;
				CLANG_WARN_RANGE_LOOP_ANALYSIS = YES;
				CLANG_WARN_STRICT_PROTOTYPES = YES;
				CLANG_WARN_SUSPICIOUS_MOVE = YES;
				CLANG_WARN_UNGUARDED_AVAILABILITY = YES_AGGRESSIVE;
				CLANG_WARN_UNREACHABLE_CODE = YES;
				CLANG_WARN__DUPLICATE_METHOD_MATCH = YES;
				COPY_PHASE_STRIP = NO;
				DEBUG_INFORMATION_FORMAT = "dwarf-with-dsym";
				ENABLE_NS_ASSERTIONS = NO;
				ENABLE_STRICT_OBJC_MSGSEND = YES;
				ENABLE_USER_SCRIPT_SANDBOXING = YES;
				GCC_C_LANGUAGE_STANDARD = gnu17;
				GCC_NO_COMMON_BLOCKS = YES;
				GCC_WARN_64_TO_32_BIT_CONVERSION = YES;
				GCC_WARN_ABOUT_RETURN_TYPE = YES_ERROR;
				GCC_WARN_UNDECLARED_SELECTOR = YES;
				GCC_WARN_UNINITIALIZED_AUTOS = YES_AGGRESSIVE;
				GCC_WARN_UNUSED_FUNCTION = YES;
				GCC_WARN_UNUSED_VARIABLE = YES;
				IPHONEOS_DEPLOYMENT_TARGET = 17.5;
				LOCALIZATION_PREFERS_STRING_CATALOGS = YES;
				MTL_ENABLE_DEBUG_INFO = NO;
				MTL_FAST_MATH = YES;
				SDKROOT = iphoneos;
				SWIFT_COMPILATION_MODE = wholemodule;
				VALIDATE_PRODUCT = YES;
			};
			name = Release;
		};
		40CEE5A62CC244780057B490 /* Debug */ = {
			isa = XCBuildConfiguration;
			buildSettings = {
				ASSETCATALOG_COMPILER_APPICON_NAME = AppIcon;
				ASSETCATALOG_COMPILER_GLOBAL_ACCENT_COLOR_NAME = AccentColor;
				CODE_SIGN_STYLE = Automatic;
				CURRENT_PROJECT_VERSION = 1;
				DEVELOPMENT_ASSET_PATHS = "\"ShoppingList/Preview Content\"";
				DEVELOPMENT_TEAM = AM3NFXPYAW;
				ENABLE_PREVIEWS = YES;
				GENERATE_INFOPLIST_FILE = YES;
				INFOPLIST_KEY_CFBundleDisplayName = "買い物メモ";
				INFOPLIST_KEY_UIApplicationSceneManifest_Generation = YES;
				INFOPLIST_KEY_UIApplicationSupportsIndirectInputEvents = YES;
				INFOPLIST_KEY_UILaunchScreen_Generation = YES;
				INFOPLIST_KEY_UISupportedInterfaceOrientations_iPad = "UIInterfaceOrientationPortrait UIInterfaceOrientationPortraitUpsideDown UIInterfaceOrientationLandscapeLeft UIInterfaceOrientationLandscapeRight";
				INFOPLIST_KEY_UISupportedInterfaceOrientations_iPhone = "UIInterfaceOrientationPortrait UIInterfaceOrientationLandscapeLeft UIInterfaceOrientationLandscapeRight";
				LD_RUNPATH_SEARCH_PATHS = (
					"$(inherited)",
					"@executable_path/Frameworks",
				);
				MARKETING_VERSION = 1.0;
				PRODUCT_BUNDLE_IDENTIFIER = jp.keita.yamamoto.ShoppingList;
				PRODUCT_NAME = "$(TARGET_NAME)";
				SWIFT_EMIT_LOC_STRINGS = YES;
				SWIFT_VERSION = 5.0;
				TARGETED_DEVICE_FAMILY = "1,2";
			};
			name = Debug;
		};
		40CEE5A72CC244780057B490 /* Release */ = {
			isa = XCBuildConfiguration;
			buildSettings = {
				ASSETCATALOG_COMPILER_APPICON_NAME = AppIcon;
				ASSETCATALOG_COMPILER_GLOBAL_ACCENT_COLOR_NAME = AccentColor;
				CODE_SIGN_STYLE = Automatic;
				CURRENT_PROJECT_VERSION = 1;
				DEVELOPMENT_ASSET_PATHS = "\"ShoppingList/Preview Content\"";
				DEVELOPMENT_TEAM = AM3NFXPYAW;
				ENABLE_PREVIEWS = YES;
				GENERATE_INFOPLIST_FILE = YES;
				INFOPLIST_KEY_CFBundleDisplayName = "買い物メモ";
				INFOPLIST_KEY_UIApplicationSceneManifest_Generation = YES;
				INFOPLIST_KEY_UIApplicationSupportsIndirectInputEvents = YES;
				INFOPLIST_KEY_UILaunchScreen_Generation = YES;
				INFOPLIST_KEY_UISupportedInterfaceOrientations_iPad = "UIInterfaceOrientationPortrait UIInterfaceOrientationPortraitUpsideDown UIInterfaceOrientationLandscapeLeft UIInterfaceOrientationLandscapeRight";
				INFOPLIST_KEY_UISupportedInterfaceOrientations_iPhone = "UIInterfaceOrientationPortrait UIInterfaceOrientationLandscapeLeft UIInterfaceOrientationLandscapeRight";
				LD_RUNPATH_SEARCH_PATHS = (
					"$(inherited)",
					"@executable_path/Frameworks",
				);
				MARKETING_VERSION = 1.0;
				PRODUCT_BUNDLE_IDENTIFIER = jp.keita.yamamoto.ShoppingList;
				PRODUCT_NAME = "$(TARGET_NAME)";
				SWIFT_EMIT_LOC_STRINGS = YES;
				SWIFT_VERSION = 5.0;
				TARGETED_DEVICE_FAMILY = "1,2";
			};
			name = Release;
		};
		40CEE5A92CC244780057B490 /* Debug */ = {
			isa = XCBuildConfiguration;
			buildSettings = {
				ALWAYS_EMBED_SWIFT_STANDARD_LIBRARIES = YES;
				BUNDLE_LOADER = "$(TEST_HOST)";
				CODE_SIGN_STYLE = Automatic;
				CURRENT_PROJECT_VERSION = 1;
				DEVELOPMENT_TEAM = AM3NFXPYAW;
				GENERATE_INFOPLIST_FILE = YES;
				IPHONEOS_DEPLOYMENT_TARGET = 17.5;
				MARKETING_VERSION = 1.0;
				PRODUCT_BUNDLE_IDENTIFIER = jp.keita.yamamoto.ShoppingListTests;
				PRODUCT_NAME = "$(TARGET_NAME)";
				SWIFT_EMIT_LOC_STRINGS = NO;
				SWIFT_VERSION = 5.0;
				TARGETED_DEVICE_FAMILY = "1,2";
				TEST_HOST = "$(BUILT_PRODUCTS_DIR)/ShoppingList.app/$(BUNDLE_EXECUTABLE_FOLDER_PATH)/ShoppingList";
			};
			name = Debug;
		};
		40CEE5AA2CC244780057B490 /* Release */ = {
			isa = XCBuildConfiguration;
			buildSettings = {
				ALWAYS_EMBED_SWIFT_STANDARD_LIBRARIES = YES;
				BUNDLE_LOADER = "$(TEST_HOST)";
				CODE_SIGN_STYLE = Automatic;
				CURRENT_PROJECT_VERSION = 1;
				DEVELOPMENT_TEAM = AM3NFXPYAW;
				GENERATE_INFOPLIST_FILE = YES;
				IPHONEOS_DEPLOYMENT_TARGET = 17.5;
				MARKETING_VERSION = 1.0;
				PRODUCT_BUNDLE_IDENTIFIER = jp.keita.yamamoto.ShoppingListTests;
				PRODUCT_NAME = "$(TARGET_NAME)";
				SWIFT_EMIT_LOC_STRINGS = NO;
				SWIFT_VERSION = 5.0;
				TARGETED_DEVICE_FAMILY = "1,2";
				TEST_HOST = "$(BUILT_PRODUCTS_DIR)/ShoppingList.app/$(BUNDLE_EXECUTABLE_FOLDER_PATH)/ShoppingList";
			};
			name = Release;
		};
		40CEE5AC2CC244780057B490 /* Debug */ = {
			isa = XCBuildConfiguration;
			buildSettings = {
				ALWAYS_EMBED_SWIFT_STANDARD_LIBRARIES = YES;
				CODE_SIGN_STYLE = Automatic;
				CURRENT_PROJECT_VERSION = 1;
				DEVELOPMENT_TEAM = AM3NFXPYAW;
				GENERATE_INFOPLIST_FILE = YES;
				MARKETING_VERSION = 1.0;
				PRODUCT_BUNDLE_IDENTIFIER = jp.keita.yamamoto.ShoppingListUITests;
				PRODUCT_NAME = "$(TARGET_NAME)";
				SWIFT_EMIT_LOC_STRINGS = NO;
				SWIFT_VERSION = 5.0;
				TARGETED_DEVICE_FAMILY = "1,2";
				TEST_TARGET_NAME = ShoppingList;
			};
			name = Debug;
		};
		40CEE5AD2CC244780057B490 /* Release */ = {
			isa = XCBuildConfiguration;
			buildSettings = {
				ALWAYS_EMBED_SWIFT_STANDARD_LIBRARIES = YES;
				CODE_SIGN_STYLE = Automatic;
				CURRENT_PROJECT_VERSION = 1;
				DEVELOPMENT_TEAM = AM3NFXPYAW;
				GENERATE_INFOPLIST_FILE = YES;
				MARKETING_VERSION = 1.0;
				PRODUCT_BUNDLE_IDENTIFIER = jp.keita.yamamoto.ShoppingListUITests;
				PRODUCT_NAME = "$(TARGET_NAME)";
				SWIFT_EMIT_LOC_STRINGS = NO;
				SWIFT_VERSION = 5.0;
				TARGETED_DEVICE_FAMILY = "1,2";
				TEST_TARGET_NAME = ShoppingList;
			};
			name = Release;
		};
/* End XCBuildConfiguration section */

/* Begin XCConfigurationList section */
		40CEE57C2CC244760057B490 /* Build configuration list for PBXProject "ShoppingList" */ = {
			isa = XCConfigurationList;
			buildConfigurations = (
				40CEE5A32CC244780057B490 /* Debug */,
				40CEE5A42CC244780057B490 /* Release */,
			);
			defaultConfigurationIsVisible = 0;
			defaultConfigurationName = Release;
		};
		40CEE5A52CC244780057B490 /* Build configuration list for PBXNativeTarget "ShoppingList" */ = {
			isa = XCConfigurationList;
			buildConfigurations = (
				40CEE5A62CC244780057B490 /* Debug */,
				40CEE5A72CC244780057B490 /* Release */,
			);
			defaultConfigurationIsVisible = 0;
			defaultConfigurationName = Release;
		};
		40CEE5A82CC244780057B490 /* Build configuration list for PBXNativeTarget "ShoppingListTests" */ = {
			isa = XCConfigurationList;
			buildConfigurations = (
				40CEE5A92CC244780057B490 /* Debug */,
				40CEE5AA2CC244780057B490 /* Release */,
			);
			defaultConfigurationIsVisible = 0;
			defaultConfigurationName = Release;
		};
		40CEE5AB2CC244780057B490 /* Build configuration list for PBXNativeTarget "ShoppingListUITests" */ = {
			isa = XCConfigurationList;
			buildConfigurations = (
				40CEE5AC2CC244780057B490 /* Debug */,
				40CEE5AD2CC244780057B490 /* Release */,
			);
			defaultConfigurationIsVisible = 0;
			defaultConfigurationName = Release;
		};
/* End XCConfigurationList section */
	};
	rootObject = 40CEE5792CC244760057B490 /* Project object */;
}
